{
  "version": 4,
  "terraform_version": "1.4.5",
  "serial": 134,
  "lineage": "692cbcf7-ef6e-f91f-de9e-b05dd2e71f95",
  "outputs": {
    "function_name": {
      "value": "HelloWorld",
      "type": "string"
    },
    "id_gateway": {
      "value": "k5lrnlmz4j",
      "type": "string"
    }
  },
  "resources": [
    {
      "mode": "managed",
      "type": "aws_api_gateway_integration",
      "name": "integration",
      "provider": "provider[\"registry.terraform.io/hashicorp/aws\"]",
      "instances": [
        {
          "schema_version": 0,
          "attributes": {
            "cache_key_parameters": null,
            "cache_namespace": "0a4a4hu9ew",
            "connection_id": "",
            "connection_type": "INTERNET",
            "content_handling": "",
            "credentials": "",
            "http_method": "ANY",
            "id": "agi-k5lrnlmz4j-0a4a4hu9ew-ANY",
            "integration_http_method": "POST",
            "passthrough_behavior": "",
            "request_parameters": null,
            "request_templates": {
              "application/json": "#set($allParams = $input.params())\n{\n\"body-json\" : $input.json(\"$\"),\n\"params\" : {\n#foreach($type in $allParams.keySet())\n    #set($params = $allParams.get($type))\n\"$type\" : {\n    #foreach($paramName in $params.keySet())\n    \"$paramName\" : \"$util.escapeJavaScript($params.get($paramName))\"\n        #if($foreach.hasNext),#end\n    #end\n}\n    #if($foreach.hasNext),#end\n#end\n},\n\"stage-variables\" : {\n#foreach($key in $stageVariables.keySet())\n\"$key\" : \"$util.escapeJavaScript($stageVariables.get($key))\"\n    #if($foreach.hasNext),#end\n#end\n},\n\"context\" : {\n    \"api-id\" : \"$context.apiId\",\n    \"api-key\" : \"$context.identity.apiKey\",\n    \"http-method\" : \"$context.httpMethod\",\n    \"stage\" : \"$context.stage\",\n    \"source-ip\" : \"$context.identity.sourceIp\",\n    \"user-agent\" : \"$context.identity.userAgent\",\n    \"request-id\" : \"$context.requestId\",\n    \"resource-id\" : \"$context.resourceId\",\n    \"resource-path\" : \"$context.resourcePath\"\n    }\n}\n"
            },
            "resource_id": "0a4a4hu9ew",
            "rest_api_id": "k5lrnlmz4j",
            "timeout_milliseconds": 29000,
            "tls_config": [],
            "type": "AWS",
            "uri": "arn:aws:apigateway:us-east-1:lambda:path/2015-03-31/functions/arn:aws:lambda:us-east-1:000000000000:function:HelloWorld/invocations"
          },
          "sensitive_attributes": [],
          "private": "bnVsbA==",
          "dependencies": [
            "aws_api_gateway_method.method",
            "aws_api_gateway_resource.resource",
            "aws_api_gateway_rest_api.rest",
            "aws_iam_role.lambda_exec",
            "aws_lambda_function.hello_world"
          ]
        }
      ]
    },
    {
      "mode": "managed",
      "type": "aws_api_gateway_method",
      "name": "method",
      "provider": "provider[\"registry.terraform.io/hashicorp/aws\"]",
      "instances": [
        {
          "schema_version": 0,
          "attributes": {
            "api_key_required": false,
            "authorization": "NONE",
            "authorization_scopes": null,
            "authorizer_id": null,
            "http_method": "ANY",
            "id": "agm-k5lrnlmz4j-0a4a4hu9ew-ANY",
            "operation_name": null,
            "request_models": null,
            "request_parameters": null,
            "request_validator_id": null,
            "resource_id": "0a4a4hu9ew",
            "rest_api_id": "k5lrnlmz4j"
          },
          "sensitive_attributes": [],
          "private": "bnVsbA==",
          "dependencies": [
            "aws_api_gateway_resource.resource",
            "aws_api_gateway_rest_api.rest"
          ]
        }
      ]
    },
    {
      "mode": "managed",
      "type": "aws_api_gateway_method_response",
      "name": "response_200",
      "provider": "provider[\"registry.terraform.io/hashicorp/aws\"]",
      "instances": [
        {
          "schema_version": 0,
          "attributes": {
            "http_method": "ANY",
            "id": "agmr-k5lrnlmz4j-0a4a4hu9ew-ANY-200",
            "resource_id": "0a4a4hu9ew",
            "response_models": null,
            "response_parameters": null,
            "rest_api_id": "k5lrnlmz4j",
            "status_code": "200"
          },
          "sensitive_attributes": [],
          "private": "bnVsbA==",
          "dependencies": [
            "aws_api_gateway_method.method",
            "aws_api_gateway_resource.resource",
            "aws_api_gateway_rest_api.rest"
          ]
        }
      ]
    },
    {
      "mode": "managed",
      "type": "aws_api_gateway_resource",
      "name": "resource",
      "provider": "provider[\"registry.terraform.io/hashicorp/aws\"]",
      "instances": [
        {
          "schema_version": 0,
          "attributes": {
            "id": "0a4a4hu9ew",
            "parent_id": "1q64tkhz23",
            "path": "/test",
            "path_part": "test",
            "rest_api_id": "k5lrnlmz4j"
          },
          "sensitive_attributes": [],
          "private": "bnVsbA==",
          "dependencies": [
            "aws_api_gateway_rest_api.rest"
          ]
        }
      ]
    },
    {
      "mode": "managed",
      "type": "aws_api_gateway_rest_api",
      "name": "rest",
      "provider": "provider[\"registry.terraform.io/hashicorp/aws\"]",
      "instances": [
        {
          "schema_version": 0,
          "attributes": {
            "api_key_source": "HEADER",
            "arn": "arn:aws:apigateway:us-east-1::/restapis/k5lrnlmz4j",
            "binary_media_types": [],
            "body": null,
            "created_date": "2023-05-12T07:25:19Z",
            "description": "",
            "disable_execute_api_endpoint": false,
            "endpoint_configuration": [
              {
                "types": [
                  "EDGE"
                ],
                "vpc_endpoint_ids": []
              }
            ],
            "execution_arn": "arn:aws:execute-api:us-east-1::k5lrnlmz4j",
            "id": "k5lrnlmz4j",
            "minimum_compression_size": -1,
            "name": "AWS Lambda",
            "parameters": null,
            "policy": "",
            "root_resource_id": "1q64tkhz23",
            "tags": null,
            "tags_all": {
              "hashicorp-learn": "lambda-api-gateway"
            }
          },
          "sensitive_attributes": [],
          "private": "bnVsbA=="
        }
      ]
    },
    {
      "mode": "managed",
      "type": "aws_dynamodb_table",
      "name": "users_table",
      "provider": "provider[\"registry.terraform.io/hashicorp/aws\"]",
      "instances": [
        {
          "schema_version": 1,
          "attributes": {
            "arn": "arn:aws:dynamodb:us-east-1:000000000000:table/users",
            "attribute": [
              {
                "name": "Email",
                "type": "S"
              }
            ],
            "billing_mode": "PROVISIONED",
            "global_secondary_index": [],
            "hash_key": "Email",
            "id": "users",
            "local_secondary_index": [],
            "name": "users",
            "point_in_time_recovery": [
              {
                "enabled": false
              }
            ],
            "range_key": null,
            "read_capacity": 5,
            "replica": [],
            "restore_date_time": null,
            "restore_source_name": null,
            "restore_to_latest_time": null,
            "server_side_encryption": [],
            "stream_arn": "",
            "stream_enabled": false,
            "stream_label": "",
            "stream_view_type": "",
            "table_class": "",
            "tags": null,
            "tags_all": {
              "hashicorp-learn": "lambda-api-gateway"
            },
            "timeouts": null,
            "ttl": [
              {
                "attribute_name": "",
                "enabled": false
              }
            ],
            "write_capacity": 5
          },
          "sensitive_attributes": [],
          "private": "eyJlMmJmYjczMC1lY2FhLTExZTYtOGY4OC0zNDM2M2JjN2M0YzAiOnsiY3JlYXRlIjoxODAwMDAwMDAwMDAwLCJkZWxldGUiOjYwMDAwMDAwMDAwMCwidXBkYXRlIjozNjAwMDAwMDAwMDAwfSwic2NoZW1hX3ZlcnNpb24iOiIxIn0="
        }
      ]
    },
    {
      "mode": "managed",
      "type": "aws_dynamodb_table_item",
      "name": "item1",
      "provider": "provider[\"registry.terraform.io/hashicorp/aws\"]",
      "instances": [
        {
          "schema_version": 0,
          "attributes": {
            "hash_key": "Email",
            "id": "users|Email||n.velkov@gmail.com|",
            "item": "    {\r\n        \"Email\": { \"S\": \"n.velkov@gmail.com\" },\r\n        \"FirstName\": { \"S\": \"Ned\" },\r\n        \"LastName\": { \"S\": \"Velkov\" }\r\n    }\r\n",
            "range_key": null,
            "table_name": "users"
          },
          "sensitive_attributes": [],
          "private": "bnVsbA==",
          "dependencies": [
            "aws_dynamodb_table.users_table"
          ]
        }
      ]
    },
    {
      "mode": "managed",
      "type": "aws_dynamodb_table_item",
      "name": "item2",
      "provider": "provider[\"registry.terraform.io/hashicorp/aws\"]",
      "instances": [
        {
          "schema_version": 0,
          "attributes": {
            "hash_key": "Email",
            "id": "users|Email||test@test.com|",
            "item": "    {\r\n          \"Email\": { \"S\": \"test@test.com\" },\r\n          \"FirstName\": { \"S\": \"Test\" },\r\n          \"LastName\": { \"S\": \"Test\" }\r\n    }\r\n",
            "range_key": null,
            "table_name": "users"
          },
          "sensitive_attributes": [],
          "private": "bnVsbA==",
          "dependencies": [
            "aws_dynamodb_table.users_table"
          ]
        }
      ]
    },
    {
      "mode": "managed",
      "type": "aws_iam_policy",
      "name": "dynamoDBLambdaPolicy",
      "provider": "provider[\"registry.terraform.io/hashicorp/aws\"]",
      "instances": [
        {
          "schema_version": 0,
          "attributes": {
            "arn": "arn:aws:iam::000000000000:policy/DynamoDBLambdaPolicy",
            "description": "",
            "id": "arn:aws:iam::000000000000:policy/DynamoDBLambdaPolicy",
            "name": "DynamoDBLambdaPolicy",
            "name_prefix": null,
            "path": "/",
            "policy": "{\"Statement\":[{\"Action\":[\"dynamodb:*\"],\"Effect\":\"Allow\",\"Resource\":[\"arn:aws:dynamodb:us-east-1:000000000000:table/users\"]}],\"Version\":\"2012-10-17\"}",
            "policy_id": "A23T84TVEXQVP64S60BBR",
            "tags": null,
            "tags_all": {
              "hashicorp-learn": "lambda-api-gateway"
            }
          },
          "sensitive_attributes": [],
          "private": "bnVsbA==",
          "dependencies": [
            "aws_dynamodb_table.users_table"
          ]
        }
      ]
    },
    {
      "mode": "managed",
      "type": "aws_iam_role",
      "name": "lambda_exec",
      "provider": "provider[\"registry.terraform.io/hashicorp/aws\"]",
      "instances": [
        {
          "schema_version": 0,
          "attributes": {
            "arn": "arn:aws:iam::000000000000:role/serverless_lambda",
            "assume_role_policy": "{\"Statement\":[{\"Action\":[\"sts:AssumeRole\"],\"Effect\":\"Allow\",\"Principal\":{\"Service\":\"lambda.amazonaws.com\"},\"Sid\":\"\"}],\"Version\":\"2012-10-17\"}",
            "create_date": "2023-05-12T07:25:19Z",
            "description": "",
            "force_detach_policies": false,
            "id": "serverless_lambda",
            "inline_policy": [
              {
                "name": "",
                "policy": ""
              }
            ],
            "managed_policy_arns": [],
            "max_session_duration": 3600,
            "name": "serverless_lambda",
            "name_prefix": "",
            "path": "/",
            "permissions_boundary": null,
            "tags": null,
            "tags_all": {
              "hashicorp-learn": "lambda-api-gateway"
            },
            "unique_id": "AROAQAAAAAAAJUQOHPXVA"
          },
          "sensitive_attributes": [],
          "private": "bnVsbA=="
        }
      ]
    },
    {
      "mode": "managed",
      "type": "aws_iam_role_policy_attachment",
      "name": "lambda_policy",
      "provider": "provider[\"registry.terraform.io/hashicorp/aws\"]",
      "instances": [
        {
          "index_key": "arn:aws:iam::aws:policy/service-role/AWSLambdaBasicExecutionRole",
          "schema_version": 0,
          "attributes": {
            "id": "serverless_lambda-20230512072522262500000001",
            "policy_arn": "arn:aws:iam::000000000000:policy/DynamoDBLambdaPolicy",
            "role": "serverless_lambda"
          },
          "sensitive_attributes": [],
          "private": "bnVsbA==",
          "dependencies": [
            "aws_dynamodb_table.users_table",
            "aws_iam_policy.dynamoDBLambdaPolicy",
            "aws_iam_role.lambda_exec"
          ]
        },
        {
          "index_key": "arn:aws:iam::aws:policy/service-role/AWSLambdaDynamoDBExecutionRole",
          "schema_version": 0,
          "attributes": {
            "id": "serverless_lambda-20230512072522262500000002",
            "policy_arn": "arn:aws:iam::000000000000:policy/DynamoDBLambdaPolicy",
            "role": "serverless_lambda"
          },
          "sensitive_attributes": [],
          "private": "bnVsbA==",
          "dependencies": [
            "aws_dynamodb_table.users_table",
            "aws_iam_policy.dynamoDBLambdaPolicy",
            "aws_iam_role.lambda_exec"
          ]
        }
      ]
    },
    {
      "mode": "managed",
      "type": "aws_lambda_function",
      "name": "hello_world",
      "provider": "provider[\"registry.terraform.io/hashicorp/aws\"]",
      "instances": [
        {
          "schema_version": 0,
          "attributes": {
            "architectures": [
              "x86_64"
            ],
            "arn": "arn:aws:lambda:us-east-1:000000000000:function:HelloWorld",
            "code_signing_config_arn": "",
            "dead_letter_config": [],
            "description": "",
            "environment": [],
            "ephemeral_storage": [
              {
                "size": 512
              }
            ],
            "file_system_config": [],
            "filename": "./lambda/main.zip",
            "function_name": "HelloWorld",
            "handler": "main",
            "id": "HelloWorld",
            "image_config": [],
            "image_uri": "",
            "invoke_arn": "arn:aws:apigateway:us-east-1:lambda:path/2015-03-31/functions/arn:aws:lambda:us-east-1:000000000000:function:HelloWorld/invocations",
            "kms_key_arn": "",
            "last_modified": "2023-05-12T07:25:21.792769+0000",
            "layers": null,
            "memory_size": 128,
            "package_type": "Zip",
            "publish": false,
            "qualified_arn": "arn:aws:lambda:us-east-1:000000000000:function:HelloWorld:$LATEST",
            "reserved_concurrent_executions": -1,
            "role": "arn:aws:iam::000000000000:role/serverless_lambda",
            "runtime": "go1.x",
            "s3_bucket": null,
            "s3_key": null,
            "s3_object_version": null,
            "signing_job_arn": "",
            "signing_profile_version_arn": "",
            "source_code_hash": "Nk3ffdJWbuSkMrcsWWjkNGvrWeqDG0HteoH04rzCqVM=",
            "source_code_size": 7633450,
            "tags": null,
            "tags_all": {
              "hashicorp-learn": "lambda-api-gateway"
            },
            "timeout": 3,
            "timeouts": null,
            "tracing_config": [
              {
                "mode": "PassThrough"
              }
            ],
            "version": "$LATEST",
            "vpc_config": []
          },
          "sensitive_attributes": [],
          "private": "eyJlMmJmYjczMC1lY2FhLTExZTYtOGY4OC0zNDM2M2JjN2M0YzAiOnsiY3JlYXRlIjo2MDAwMDAwMDAwMDB9fQ==",
          "dependencies": [
            "aws_iam_role.lambda_exec"
          ]
        }
      ]
    }
  ],
  "check_results": null
}
